# THIS IS AN AUTOGENERATED FILE. DO NOT EDIT THIS FILE DIRECTLY.
# yarn lockfile v1


colors@^1.4.0:
  version "1.4.0"
  resolved "https://registry.yarnpkg.com/colors/-/colors-1.4.0.tgz#c50491479d4c1bdaed2c9ced32cf7c7dc2360f78"
  integrity sha512-a+UqTh4kgZg/SlGvfbzDHpgRu7AAQOmmqRHJnxhRZICKFUT91brVhNNt58CMWU9PsBbv3PDCZUHbVxuDiH2mtA==

lodash.isempty@^4.4.0:
  version "4.4.0"
  resolved "https://registry.yarnpkg.com/lodash.isempty/-/lodash.isempty-4.4.0.tgz#6f86cbedd8be4ec987be9aaf33c9684db1b31e7e"
  integrity sha1-b4bL7di+TsmHvpqvM8loTbGzHn4=
